
Microsoft Visual Studio Solution File, Format Version 12.00
# Visual Studio Version 17
VisualStudioVersion = 17.6.33723.286
MinimumVisualStudioVersion = 10.0.40219.1
Project("{FAE04EC0-301F-11D3-BF4B-00C04F79EFBC}") = "AppointmentRemainder", "AppointmentRemainder.csproj", "{80FD9013-0DF8-4593-A57C-B39ED4812D0A}"
EndProject
Global
	GlobalSection(SolutionConfigurationPlatforms) = preSolution
		Debug|Any CPU = Debug|Any CPU
		Release|Any CPU = Release|Any CPU
	EndGlobalSection
	GlobalSection(ProjectConfigurationPlatforms) = postSolution
		{80FD9013-0DF8-4593-A57C-B39ED4812D0A}.Debug|Any CPU.ActiveCfg = Debug|Any CPU
		{80FD9013-0DF8-4593-A57C-B39ED4812D0A}.Debug|Any CPU.Build.0 = Debug|Any CPU
		{80FD9013-0DF8-4593-A57C-B39ED4812D0A}.Release|Any CPU.ActiveCfg = Release|Any CPU
		{80FD9013-0DF8-4593-A57C-B39ED4812D0A}.Release|Any CPU.Build.0 = Release|Any CPU
	EndGlobalSection
	GlobalSection(SolutionProperties) = preSolution
		HideSolutionNode = FALSE
	EndGlobalSection
	GlobalSection(ExtensibilityGlobals) = postSolution
		SolutionGuid = {300C275B-ACB0-4F3C-B310-14930C1B2793}
	EndGlobalSection
EndGlobal
